
Microsoft Visual Studio Solution File, Format Version 12.00
# Visual Studio Version 17
VisualStudioVersion = 17.5.33516.290
MinimumVisualStudioVersion = 10.0.40219.1
Project("{FAE04EC0-301F-11D3-BF4B-00C04F79EFBC}") = "Ejercicio02.Android", "Ejercicio02\Ejercicio02.Android\Ejercicio02.Android.csproj", "{5D5B2049-BA0F-426B-AC26-AD646EBA1EFC}"
EndProject
Project("{FAE04EC0-301F-11D3-BF4B-00C04F79EFBC}") = "Ejercicio02.iOS", "Ejercicio02\Ejercicio02.iOS\Ejercicio02.iOS.csproj", "{48E29250-D1EF-4396-91E3-B17C0EB35BD5}"
EndProject
Project("{FAE04EC0-301F-11D3-BF4B-00C04F79EFBC}") = "Ejercicio02", "Ejercicio02\Ejercicio02\Ejercicio02.csproj", "{8B685616-F0E8-4BB3-B644-536E8A07F722}"
EndProject
Global
	GlobalSection(SolutionConfigurationPlatforms) = preSolution
		Debug|Any CPU = Debug|Any CPU
		Debug|iPhone = Debug|iPhone
		Debug|iPhoneSimulator = Debug|iPhoneSimulator
		Release|Any CPU = Release|Any CPU
		Release|iPhone = Release|iPhone
		Release|iPhoneSimulator = Release|iPhoneSimulator
	EndGlobalSection
	GlobalSection(ProjectConfigurationPlatforms) = postSolution
		{5D5B2049-BA0F-426B-AC26-AD646EBA1EFC}.Debug|Any CPU.ActiveCfg = Debug|Any CPU
		{5D5B2049-BA0F-426B-AC26-AD646EBA1EFC}.Debug|Any CPU.Build.0 = Debug|Any CPU
		{5D5B2049-BA0F-426B-AC26-AD646EBA1EFC}.Debug|Any CPU.Deploy.0 = Debug|Any CPU
		{5D5B2049-BA0F-426B-AC26-AD646EBA1EFC}.Debug|iPhone.ActiveCfg = Debug|Any CPU
		{5D5B2049-BA0F-426B-AC26-AD646EBA1EFC}.Debug|iPhone.Build.0 = Debug|Any CPU
		{5D5B2049-BA0F-426B-AC26-AD646EBA1EFC}.Debug|iPhone.Deploy.0 = Debug|Any CPU
		{5D5B2049-BA0F-426B-AC26-AD646EBA1EFC}.Debug|iPhoneSimulator.ActiveCfg = Debug|Any CPU
		{5D5B2049-BA0F-426B-AC26-AD646EBA1EFC}.Debug|iPhoneSimulator.Build.0 = Debug|Any CPU
		{5D5B2049-BA0F-426B-AC26-AD646EBA1EFC}.Debug|iPhoneSimulator.Deploy.0 = Debug|Any CPU
		{5D5B2049-BA0F-426B-AC26-AD646EBA1EFC}.Release|Any CPU.ActiveCfg = Release|Any CPU
		{5D5B2049-BA0F-426B-AC26-AD646EBA1EFC}.Release|Any CPU.Build.0 = Release|Any CPU
		{5D5B2049-BA0F-426B-AC26-AD646EBA1EFC}.Release|Any CPU.Deploy.0 = Release|Any CPU
		{5D5B2049-BA0F-426B-AC26-AD646EBA1EFC}.Release|iPhone.ActiveCfg = Release|Any CPU
		{5D5B2049-BA0F-426B-AC26-AD646EBA1EFC}.Release|iPhone.Build.0 = Release|Any CPU
		{5D5B2049-BA0F-426B-AC26-AD646EBA1EFC}.Release|iPhone.Deploy.0 = Release|Any CPU
		{5D5B2049-BA0F-426B-AC26-AD646EBA1EFC}.Release|iPhoneSimulator.ActiveCfg = Release|Any CPU
		{5D5B2049-BA0F-426B-AC26-AD646EBA1EFC}.Release|iPhoneSimulator.Build.0 = Release|Any CPU
		{5D5B2049-BA0F-426B-AC26-AD646EBA1EFC}.Release|iPhoneSimulator.Deploy.0 = Release|Any CPU
		{48E29250-D1EF-4396-91E3-B17C0EB35BD5}.Debug|Any CPU.ActiveCfg = Debug|iPhone
		{48E29250-D1EF-4396-91E3-B17C0EB35BD5}.Debug|Any CPU.Build.0 = Debug|iPhone
		{48E29250-D1EF-4396-91E3-B17C0EB35BD5}.Debug|Any CPU.Deploy.0 = Debug|iPhone
		{48E29250-D1EF-4396-91E3-B17C0EB35BD5}.Debug|iPhone.ActiveCfg = Debug|iPhone
		{48E29250-D1EF-4396-91E3-B17C0EB35BD5}.Debug|iPhone.Build.0 = Debug|iPhone
		{48E29250-D1EF-4396-91E3-B17C0EB35BD5}.Debug|iPhone.Deploy.0 = Debug|iPhone
		{48E29250-D1EF-4396-91E3-B17C0EB35BD5}.Debug|iPhoneSimulator.ActiveCfg = Debug|iPhoneSimulator
		{48E29250-D1EF-4396-91E3-B17C0EB35BD5}.Debug|iPhoneSimulator.Build.0 = Debug|iPhoneSimulator
		{48E29250-D1EF-4396-91E3-B17C0EB35BD5}.Debug|iPhoneSimulator.Deploy.0 = Debug|iPhoneSimulator
		{48E29250-D1EF-4396-91E3-B17C0EB35BD5}.Release|Any CPU.ActiveCfg = Release|iPhoneSimulator
		{48E29250-D1EF-4396-91E3-B17C0EB35BD5}.Release|Any CPU.Build.0 = Release|iPhoneSimulator
		{48E29250-D1EF-4396-91E3-B17C0EB35BD5}.Release|Any CPU.Deploy.0 = Release|iPhoneSimulator
		{48E29250-D1EF-4396-91E3-B17C0EB35BD5}.Release|iPhone.ActiveCfg = Release|iPhone
		{48E29250-D1EF-4396-91E3-B17C0EB35BD5}.Release|iPhone.Build.0 = Release|iPhone
		{48E29250-D1EF-4396-91E3-B17C0EB35BD5}.Release|iPhone.Deploy.0 = Release|iPhone
		{48E29250-D1EF-4396-91E3-B17C0EB35BD5}.Release|iPhoneSimulator.ActiveCfg = Release|iPhoneSimulator
		{48E29250-D1EF-4396-91E3-B17C0EB35BD5}.Release|iPhoneSimulator.Build.0 = Release|iPhoneSimulator
		{48E29250-D1EF-4396-91E3-B17C0EB35BD5}.Release|iPhoneSimulator.Deploy.0 = Release|iPhoneSimulator
		{8B685616-F0E8-4BB3-B644-536E8A07F722}.Debug|Any CPU.ActiveCfg = Debug|Any CPU
		{8B685616-F0E8-4BB3-B644-536E8A07F722}.Debug|Any CPU.Build.0 = Debug|Any CPU
		{8B685616-F0E8-4BB3-B644-536E8A07F722}.Debug|Any CPU.Deploy.0 = Debug|Any CPU
		{8B685616-F0E8-4BB3-B644-536E8A07F722}.Debug|iPhone.ActiveCfg = Debug|Any CPU
		{8B685616-F0E8-4BB3-B644-536E8A07F722}.Debug|iPhone.Build.0 = Debug|Any CPU
		{8B685616-F0E8-4BB3-B644-536E8A07F722}.Debug|iPhone.Deploy.0 = Debug|Any CPU
		{8B685616-F0E8-4BB3-B644-536E8A07F722}.Debug|iPhoneSimulator.ActiveCfg = Debug|Any CPU
		{8B685616-F0E8-4BB3-B644-536E8A07F722}.Debug|iPhoneSimulator.Build.0 = Debug|Any CPU
		{8B685616-F0E8-4BB3-B644-536E8A07F722}.Debug|iPhoneSimulator.Deploy.0 = Debug|Any CPU
		{8B685616-F0E8-4BB3-B644-536E8A07F722}.Release|Any CPU.ActiveCfg = Release|Any CPU
		{8B685616-F0E8-4BB3-B644-536E8A07F722}.Release|Any CPU.Build.0 = Release|Any CPU
		{8B685616-F0E8-4BB3-B644-536E8A07F722}.Release|Any CPU.Deploy.0 = Release|Any CPU
		{8B685616-F0E8-4BB3-B644-536E8A07F722}.Release|iPhone.ActiveCfg = Release|Any CPU
		{8B685616-F0E8-4BB3-B644-536E8A07F722}.Release|iPhone.Build.0 = Release|Any CPU
		{8B685616-F0E8-4BB3-B644-536E8A07F722}.Release|iPhone.Deploy.0 = Release|Any CPU
		{8B685616-F0E8-4BB3-B644-536E8A07F722}.Release|iPhoneSimulator.ActiveCfg = Release|Any CPU
		{8B685616-F0E8-4BB3-B644-536E8A07F722}.Release|iPhoneSimulator.Build.0 = Release|Any CPU
		{8B685616-F0E8-4BB3-B644-536E8A07F722}.Release|iPhoneSimulator.Deploy.0 = Release|Any CPU
	EndGlobalSection
	GlobalSection(SolutionProperties) = preSolution
		HideSolutionNode = FALSE
	EndGlobalSection
	GlobalSection(ExtensibilityGlobals) = postSolution
		SolutionGuid = {F5BAF523-1A3E-4891-8B3C-C7EE7C9D156A}
	EndGlobalSection
EndGlobal
